
Microsoft Visual Studio Solution File, Format Version 12.00
# Visual Studio 15
VisualStudioVersion = 15.0.27004.2002
MinimumVisualStudioVersion = 10.0.40219.1
Project("{FAE04EC0-301F-11D3-BF4B-00C04F79EFBC}") = "Dart Game", "Dart Game\Dart Game.csproj", "{EAC09816-BFBF-4640-A330-0A957CAB7386}"
EndProject
Global
	GlobalSection(SolutionConfigurationPlatforms) = preSolution
		Debug|Any CPU = Debug|Any CPU
		Release|Any CPU = Release|Any CPU
	EndGlobalSection
	GlobalSection(ProjectConfigurationPlatforms) = postSolution
		{EAC09816-BFBF-4640-A330-0A957CAB7386}.Debug|Any CPU.ActiveCfg = Debug|Any CPU
		{EAC09816-BFBF-4640-A330-0A957CAB7386}.Debug|Any CPU.Build.0 = Debug|Any CPU
		{EAC09816-BFBF-4640-A330-0A957CAB7386}.Release|Any CPU.ActiveCfg = Release|Any CPU
		{EAC09816-BFBF-4640-A330-0A957CAB7386}.Release|Any CPU.Build.0 = Release|Any CPU
	EndGlobalSection
	GlobalSection(SolutionProperties) = preSolution
		HideSolutionNode = FALSE
	EndGlobalSection
	GlobalSection(ExtensibilityGlobals) = postSolution
		SolutionGuid = {2CE1C683-EC1F-48EF-A83D-153CC943BF30}
	EndGlobalSection
EndGlobal
